<Solution>
  <Project Path="Foundz.Net.Cli/Foundz.Net.Cli.csproj" />
  <Project Path="Foundz.Net.Core/Foundz.Net.Core.csproj" />
  <Project Path="Foundz.Net.Data/Foundz.Net.Data.csproj" />
  <Project Path="Foundz.Net.Infrastructure/Foundz.Net.Infrastructure.csproj" />
  <Project Path="Foundz.Net.Shared/Foundz.Net.Shared.csproj" />
  <Project Path="Foundz.Net.Tests.Integration/Foundz.Net.Tests.Integration.csproj" />
  <Project Path="Foundz.Net.Tests.Performance/Foundz.Net.Tests.Performance.csproj" />
  <Project Path="Foundz.Net.Tests.Unit/Foundz.Net.Tests.Unit.csproj" />
  <Project Path="Foundz.Net.Tools/Foundz.Net.Tools.csproj" />
</Solution>
